
Microsoft Visual Studio Solution File, Format Version 9.00
# Visual Studio 2005
Project("{8BC9CEB8-8B4A-11D0-8D11-00A0C91BC942}") = "ExtendedByLua", "ExtendedByLua.vcproj", "{C81BA5A2-E8C9-4F5F-A9CB-997F07CDD220}"
EndProject
Project("{8BC9CEB8-8B4A-11D0-8D11-00A0C91BC942}") = "EmbeddedLua", "..\EmbeddedLua\EmbeddedLua.vcproj", "{6FE6E90C-2FB0-42E2-B408-373ABB25ED8A}"
EndProject
Project("{8BC9CEB8-8B4A-11D0-8D11-00A0C91BC942}") = "Mathematics", "..\Mathematics\Mathematics.vcproj", "{8A0857CB-869F-4727-9FAA-C80E5A183377}"
EndProject
Project("{8BC9CEB8-8B4A-11D0-8D11-00A0C91BC942}") = "Sandbox", "..\Sandbox\Sandbox.vcproj", "{6EDEDB49-5A48-4365-B25A-9CF7B2D78583}"
EndProject
Global
	GlobalSection(SolutionConfigurationPlatforms) = preSolution
		Debug|Any CPU = Debug|Any CPU
		Debug|Mixed Platforms = Debug|Mixed Platforms
		Debug|Win32 = Debug|Win32
		DebugNoLua|Any CPU = DebugNoLua|Any CPU
		DebugNoLua|Mixed Platforms = DebugNoLua|Mixed Platforms
		DebugNoLua|Win32 = DebugNoLua|Win32
		GoldMaster|Any CPU = GoldMaster|Any CPU
		GoldMaster|Mixed Platforms = GoldMaster|Mixed Platforms
		GoldMaster|Win32 = GoldMaster|Win32
		GoldMasterNoLua|Any CPU = GoldMasterNoLua|Any CPU
		GoldMasterNoLua|Mixed Platforms = GoldMasterNoLua|Mixed Platforms
		GoldMasterNoLua|Win32 = GoldMasterNoLua|Win32
		LuaExt|Any CPU = LuaExt|Any CPU
		LuaExt|Mixed Platforms = LuaExt|Mixed Platforms
		LuaExt|Win32 = LuaExt|Win32
		Release|Any CPU = Release|Any CPU
		Release|Mixed Platforms = Release|Mixed Platforms
		Release|Win32 = Release|Win32
		ReleaseNoLua|Any CPU = ReleaseNoLua|Any CPU
		ReleaseNoLua|Mixed Platforms = ReleaseNoLua|Mixed Platforms
		ReleaseNoLua|Win32 = ReleaseNoLua|Win32
	EndGlobalSection
	GlobalSection(ProjectConfigurationPlatforms) = postSolution
		{C81BA5A2-E8C9-4F5F-A9CB-997F07CDD220}.Debug|Any CPU.ActiveCfg = Debug|Win32
		{C81BA5A2-E8C9-4F5F-A9CB-997F07CDD220}.Debug|Mixed Platforms.ActiveCfg = Debug|Win32
		{C81BA5A2-E8C9-4F5F-A9CB-997F07CDD220}.Debug|Mixed Platforms.Build.0 = Debug|Win32
		{C81BA5A2-E8C9-4F5F-A9CB-997F07CDD220}.Debug|Win32.ActiveCfg = Debug|Win32
		{C81BA5A2-E8C9-4F5F-A9CB-997F07CDD220}.Debug|Win32.Build.0 = Debug|Win32
		{C81BA5A2-E8C9-4F5F-A9CB-997F07CDD220}.DebugNoLua|Any CPU.ActiveCfg = DebugNoLua|Win32
		{C81BA5A2-E8C9-4F5F-A9CB-997F07CDD220}.DebugNoLua|Mixed Platforms.ActiveCfg = DebugNoLua|Win32
		{C81BA5A2-E8C9-4F5F-A9CB-997F07CDD220}.DebugNoLua|Mixed Platforms.Build.0 = DebugNoLua|Win32
		{C81BA5A2-E8C9-4F5F-A9CB-997F07CDD220}.DebugNoLua|Win32.ActiveCfg = DebugNoLua|Win32
		{C81BA5A2-E8C9-4F5F-A9CB-997F07CDD220}.DebugNoLua|Win32.Build.0 = DebugNoLua|Win32
		{C81BA5A2-E8C9-4F5F-A9CB-997F07CDD220}.GoldMaster|Any CPU.ActiveCfg = GoldMaster|Win32
		{C81BA5A2-E8C9-4F5F-A9CB-997F07CDD220}.GoldMaster|Mixed Platforms.ActiveCfg = GoldMaster|Win32
		{C81BA5A2-E8C9-4F5F-A9CB-997F07CDD220}.GoldMaster|Mixed Platforms.Build.0 = GoldMaster|Win32
		{C81BA5A2-E8C9-4F5F-A9CB-997F07CDD220}.GoldMaster|Win32.ActiveCfg = GoldMaster|Win32
		{C81BA5A2-E8C9-4F5F-A9CB-997F07CDD220}.GoldMaster|Win32.Build.0 = GoldMaster|Win32
		{C81BA5A2-E8C9-4F5F-A9CB-997F07CDD220}.GoldMasterNoLua|Any CPU.ActiveCfg = GoldMasterNoLua|Win32
		{C81BA5A2-E8C9-4F5F-A9CB-997F07CDD220}.GoldMasterNoLua|Mixed Platforms.ActiveCfg = GoldMasterNoLua|Win32
		{C81BA5A2-E8C9-4F5F-A9CB-997F07CDD220}.GoldMasterNoLua|Mixed Platforms.Build.0 = GoldMasterNoLua|Win32
		{C81BA5A2-E8C9-4F5F-A9CB-997F07CDD220}.GoldMasterNoLua|Win32.ActiveCfg = GoldMasterNoLua|Win32
		{C81BA5A2-E8C9-4F5F-A9CB-997F07CDD220}.GoldMasterNoLua|Win32.Build.0 = GoldMasterNoLua|Win32
		{C81BA5A2-E8C9-4F5F-A9CB-997F07CDD220}.LuaExt|Any CPU.ActiveCfg = GoldMasterNoLua|Win32
		{C81BA5A2-E8C9-4F5F-A9CB-997F07CDD220}.LuaExt|Mixed Platforms.ActiveCfg = GoldMasterNoLua|Win32
		{C81BA5A2-E8C9-4F5F-A9CB-997F07CDD220}.LuaExt|Mixed Platforms.Build.0 = GoldMasterNoLua|Win32
		{C81BA5A2-E8C9-4F5F-A9CB-997F07CDD220}.LuaExt|Win32.ActiveCfg = GoldMasterNoLua|Win32
		{C81BA5A2-E8C9-4F5F-A9CB-997F07CDD220}.LuaExt|Win32.Build.0 = GoldMasterNoLua|Win32
		{C81BA5A2-E8C9-4F5F-A9CB-997F07CDD220}.Release|Any CPU.ActiveCfg = Release|Win32
		{C81BA5A2-E8C9-4F5F-A9CB-997F07CDD220}.Release|Mixed Platforms.ActiveCfg = Release|Win32
		{C81BA5A2-E8C9-4F5F-A9CB-997F07CDD220}.Release|Mixed Platforms.Build.0 = Release|Win32
		{C81BA5A2-E8C9-4F5F-A9CB-997F07CDD220}.Release|Win32.ActiveCfg = Release|Win32
		{C81BA5A2-E8C9-4F5F-A9CB-997F07CDD220}.Release|Win32.Build.0 = Release|Win32
		{C81BA5A2-E8C9-4F5F-A9CB-997F07CDD220}.ReleaseNoLua|Any CPU.ActiveCfg = ReleaseNoLua|Win32
		{C81BA5A2-E8C9-4F5F-A9CB-997F07CDD220}.ReleaseNoLua|Mixed Platforms.ActiveCfg = ReleaseNoLua|Win32
		{C81BA5A2-E8C9-4F5F-A9CB-997F07CDD220}.ReleaseNoLua|Mixed Platforms.Build.0 = ReleaseNoLua|Win32
		{C81BA5A2-E8C9-4F5F-A9CB-997F07CDD220}.ReleaseNoLua|Win32.ActiveCfg = ReleaseNoLua|Win32
		{C81BA5A2-E8C9-4F5F-A9CB-997F07CDD220}.ReleaseNoLua|Win32.Build.0 = ReleaseNoLua|Win32
		{6FE6E90C-2FB0-42E2-B408-373ABB25ED8A}.Debug|Any CPU.ActiveCfg = Debug|Win32
		{6FE6E90C-2FB0-42E2-B408-373ABB25ED8A}.Debug|Mixed Platforms.ActiveCfg = Debug|Win32
		{6FE6E90C-2FB0-42E2-B408-373ABB25ED8A}.Debug|Mixed Platforms.Build.0 = Debug|Win32
		{6FE6E90C-2FB0-42E2-B408-373ABB25ED8A}.Debug|Win32.ActiveCfg = Debug|Win32
		{6FE6E90C-2FB0-42E2-B408-373ABB25ED8A}.Debug|Win32.Build.0 = Debug|Win32
		{6FE6E90C-2FB0-42E2-B408-373ABB25ED8A}.DebugNoLua|Any CPU.ActiveCfg = DebugNoLua|Win32
		{6FE6E90C-2FB0-42E2-B408-373ABB25ED8A}.DebugNoLua|Mixed Platforms.ActiveCfg = DebugNoLua|Win32
		{6FE6E90C-2FB0-42E2-B408-373ABB25ED8A}.DebugNoLua|Mixed Platforms.Build.0 = DebugNoLua|Win32
		{6FE6E90C-2FB0-42E2-B408-373ABB25ED8A}.DebugNoLua|Win32.ActiveCfg = DebugNoLua|Win32
		{6FE6E90C-2FB0-42E2-B408-373ABB25ED8A}.DebugNoLua|Win32.Build.0 = DebugNoLua|Win32
		{6FE6E90C-2FB0-42E2-B408-373ABB25ED8A}.GoldMaster|Any CPU.ActiveCfg = GoldMaster|Win32
		{6FE6E90C-2FB0-42E2-B408-373ABB25ED8A}.GoldMaster|Mixed Platforms.ActiveCfg = GoldMaster|Win32
		{6FE6E90C-2FB0-42E2-B408-373ABB25ED8A}.GoldMaster|Mixed Platforms.Build.0 = GoldMaster|Win32
		{6FE6E90C-2FB0-42E2-B408-373ABB25ED8A}.GoldMaster|Win32.ActiveCfg = GoldMaster|Win32
		{6FE6E90C-2FB0-42E2-B408-373ABB25ED8A}.GoldMaster|Win32.Build.0 = GoldMaster|Win32
		{6FE6E90C-2FB0-42E2-B408-373ABB25ED8A}.GoldMasterNoLua|Any CPU.ActiveCfg = GoldMasterNoLua|Win32
		{6FE6E90C-2FB0-42E2-B408-373ABB25ED8A}.GoldMasterNoLua|Mixed Platforms.ActiveCfg = GoldMasterNoLua|Win32
		{6FE6E90C-2FB0-42E2-B408-373ABB25ED8A}.GoldMasterNoLua|Mixed Platforms.Build.0 = GoldMasterNoLua|Win32
		{6FE6E90C-2FB0-42E2-B408-373ABB25ED8A}.GoldMasterNoLua|Win32.ActiveCfg = GoldMasterNoLua|Win32
		{6FE6E90C-2FB0-42E2-B408-373ABB25ED8A}.GoldMasterNoLua|Win32.Build.0 = GoldMasterNoLua|Win32
		{6FE6E90C-2FB0-42E2-B408-373ABB25ED8A}.LuaExt|Any CPU.ActiveCfg = GoldMasterNoLua|Win32
		{6FE6E90C-2FB0-42E2-B408-373ABB25ED8A}.LuaExt|Mixed Platforms.ActiveCfg = GoldMasterNoLua|Win32
		{6FE6E90C-2FB0-42E2-B408-373ABB25ED8A}.LuaExt|Mixed Platforms.Build.0 = GoldMasterNoLua|Win32
		{6FE6E90C-2FB0-42E2-B408-373ABB25ED8A}.LuaExt|Win32.ActiveCfg = GoldMasterNoLua|Win32
		{6FE6E90C-2FB0-42E2-B408-373ABB25ED8A}.LuaExt|Win32.Build.0 = GoldMasterNoLua|Win32
		{6FE6E90C-2FB0-42E2-B408-373ABB25ED8A}.Release|Any CPU.ActiveCfg = Release|Win32
		{6FE6E90C-2FB0-42E2-B408-373ABB25ED8A}.Release|Mixed Platforms.ActiveCfg = Release|Win32
		{6FE6E90C-2FB0-42E2-B408-373ABB25ED8A}.Release|Mixed Platforms.Build.0 = Release|Win32
		{6FE6E90C-2FB0-42E2-B408-373ABB25ED8A}.Release|Win32.ActiveCfg = Release|Win32
		{6FE6E90C-2FB0-42E2-B408-373ABB25ED8A}.Release|Win32.Build.0 = Release|Win32
		{6FE6E90C-2FB0-42E2-B408-373ABB25ED8A}.ReleaseNoLua|Any CPU.ActiveCfg = ReleaseNoLua|Win32
		{6FE6E90C-2FB0-42E2-B408-373ABB25ED8A}.ReleaseNoLua|Mixed Platforms.ActiveCfg = ReleaseNoLua|Win32
		{6FE6E90C-2FB0-42E2-B408-373ABB25ED8A}.ReleaseNoLua|Mixed Platforms.Build.0 = ReleaseNoLua|Win32
		{6FE6E90C-2FB0-42E2-B408-373ABB25ED8A}.ReleaseNoLua|Win32.ActiveCfg = ReleaseNoLua|Win32
		{6FE6E90C-2FB0-42E2-B408-373ABB25ED8A}.ReleaseNoLua|Win32.Build.0 = ReleaseNoLua|Win32
		{8A0857CB-869F-4727-9FAA-C80E5A183377}.Debug|Any CPU.ActiveCfg = Debug|Win32
		{8A0857CB-869F-4727-9FAA-C80E5A183377}.Debug|Mixed Platforms.ActiveCfg = Debug|Win32
		{8A0857CB-869F-4727-9FAA-C80E5A183377}.Debug|Mixed Platforms.Build.0 = Debug|Win32
		{8A0857CB-869F-4727-9FAA-C80E5A183377}.Debug|Win32.ActiveCfg = Debug|Win32
		{8A0857CB-869F-4727-9FAA-C80E5A183377}.Debug|Win32.Build.0 = Debug|Win32
		{8A0857CB-869F-4727-9FAA-C80E5A183377}.DebugNoLua|Any CPU.ActiveCfg = DebugNoLua|Win32
		{8A0857CB-869F-4727-9FAA-C80E5A183377}.DebugNoLua|Mixed Platforms.ActiveCfg = DebugNoLua|Win32
		{8A0857CB-869F-4727-9FAA-C80E5A183377}.DebugNoLua|Mixed Platforms.Build.0 = DebugNoLua|Win32
		{8A0857CB-869F-4727-9FAA-C80E5A183377}.DebugNoLua|Win32.ActiveCfg = DebugNoLua|Win32
		{8A0857CB-869F-4727-9FAA-C80E5A183377}.DebugNoLua|Win32.Build.0 = DebugNoLua|Win32
		{8A0857CB-869F-4727-9FAA-C80E5A183377}.GoldMaster|Any CPU.ActiveCfg = GoldMaster|Win32
		{8A0857CB-869F-4727-9FAA-C80E5A183377}.GoldMaster|Mixed Platforms.ActiveCfg = GoldMaster|Win32
		{8A0857CB-869F-4727-9FAA-C80E5A183377}.GoldMaster|Mixed Platforms.Build.0 = GoldMaster|Win32
		{8A0857CB-869F-4727-9FAA-C80E5A183377}.GoldMaster|Win32.ActiveCfg = GoldMaster|Win32
		{8A0857CB-869F-4727-9FAA-C80E5A183377}.GoldMaster|Win32.Build.0 = GoldMaster|Win32
		{8A0857CB-869F-4727-9FAA-C80E5A183377}.GoldMasterNoLua|Any CPU.ActiveCfg = GoldMasterNoLua|Win32
		{8A0857CB-869F-4727-9FAA-C80E5A183377}.GoldMasterNoLua|Mixed Platforms.ActiveCfg = GoldMasterNoLua|Win32
		{8A0857CB-869F-4727-9FAA-C80E5A183377}.GoldMasterNoLua|Mixed Platforms.Build.0 = GoldMasterNoLua|Win32
		{8A0857CB-869F-4727-9FAA-C80E5A183377}.GoldMasterNoLua|Win32.ActiveCfg = GoldMasterNoLua|Win32
		{8A0857CB-869F-4727-9FAA-C80E5A183377}.GoldMasterNoLua|Win32.Build.0 = GoldMasterNoLua|Win32
		{8A0857CB-869F-4727-9FAA-C80E5A183377}.LuaExt|Any CPU.ActiveCfg = GoldMasterNoLua|Win32
		{8A0857CB-869F-4727-9FAA-C80E5A183377}.LuaExt|Mixed Platforms.ActiveCfg = GoldMasterNoLua|Win32
		{8A0857CB-869F-4727-9FAA-C80E5A183377}.LuaExt|Mixed Platforms.Build.0 = GoldMasterNoLua|Win32
		{8A0857CB-869F-4727-9FAA-C80E5A183377}.LuaExt|Win32.ActiveCfg = GoldMasterNoLua|Win32
		{8A0857CB-869F-4727-9FAA-C80E5A183377}.LuaExt|Win32.Build.0 = GoldMasterNoLua|Win32
		{8A0857CB-869F-4727-9FAA-C80E5A183377}.Release|Any CPU.ActiveCfg = Release|Win32
		{8A0857CB-869F-4727-9FAA-C80E5A183377}.Release|Mixed Platforms.ActiveCfg = Release|Win32
		{8A0857CB-869F-4727-9FAA-C80E5A183377}.Release|Mixed Platforms.Build.0 = Release|Win32
		{8A0857CB-869F-4727-9FAA-C80E5A183377}.Release|Win32.ActiveCfg = Release|Win32
		{8A0857CB-869F-4727-9FAA-C80E5A183377}.Release|Win32.Build.0 = Release|Win32
		{8A0857CB-869F-4727-9FAA-C80E5A183377}.ReleaseNoLua|Any CPU.ActiveCfg = ReleaseNoLua|Win32
		{8A0857CB-869F-4727-9FAA-C80E5A183377}.ReleaseNoLua|Mixed Platforms.ActiveCfg = ReleaseNoLua|Win32
		{8A0857CB-869F-4727-9FAA-C80E5A183377}.ReleaseNoLua|Mixed Platforms.Build.0 = ReleaseNoLua|Win32
		{8A0857CB-869F-4727-9FAA-C80E5A183377}.ReleaseNoLua|Win32.ActiveCfg = ReleaseNoLua|Win32
		{8A0857CB-869F-4727-9FAA-C80E5A183377}.ReleaseNoLua|Win32.Build.0 = ReleaseNoLua|Win32
		{6EDEDB49-5A48-4365-B25A-9CF7B2D78583}.Debug|Any CPU.ActiveCfg = Debug|Win32
		{6EDEDB49-5A48-4365-B25A-9CF7B2D78583}.Debug|Mixed Platforms.ActiveCfg = Debug|Win32
		{6EDEDB49-5A48-4365-B25A-9CF7B2D78583}.Debug|Mixed Platforms.Build.0 = Debug|Win32
		{6EDEDB49-5A48-4365-B25A-9CF7B2D78583}.Debug|Win32.ActiveCfg = Debug|Win32
		{6EDEDB49-5A48-4365-B25A-9CF7B2D78583}.Debug|Win32.Build.0 = Debug|Win32
		{6EDEDB49-5A48-4365-B25A-9CF7B2D78583}.DebugNoLua|Any CPU.ActiveCfg = DebugNoLua|Win32
		{6EDEDB49-5A48-4365-B25A-9CF7B2D78583}.DebugNoLua|Mixed Platforms.ActiveCfg = DebugNoLua|Win32
		{6EDEDB49-5A48-4365-B25A-9CF7B2D78583}.DebugNoLua|Mixed Platforms.Build.0 = DebugNoLua|Win32
		{6EDEDB49-5A48-4365-B25A-9CF7B2D78583}.DebugNoLua|Win32.ActiveCfg = DebugNoLua|Win32
		{6EDEDB49-5A48-4365-B25A-9CF7B2D78583}.DebugNoLua|Win32.Build.0 = DebugNoLua|Win32
		{6EDEDB49-5A48-4365-B25A-9CF7B2D78583}.GoldMaster|Any CPU.ActiveCfg = GoldMaster|Win32
		{6EDEDB49-5A48-4365-B25A-9CF7B2D78583}.GoldMaster|Mixed Platforms.ActiveCfg = GoldMaster|Win32
		{6EDEDB49-5A48-4365-B25A-9CF7B2D78583}.GoldMaster|Mixed Platforms.Build.0 = GoldMaster|Win32
		{6EDEDB49-5A48-4365-B25A-9CF7B2D78583}.GoldMaster|Win32.ActiveCfg = GoldMaster|Win32
		{6EDEDB49-5A48-4365-B25A-9CF7B2D78583}.GoldMaster|Win32.Build.0 = GoldMaster|Win32
		{6EDEDB49-5A48-4365-B25A-9CF7B2D78583}.GoldMasterNoLua|Any CPU.ActiveCfg = GoldMasterNoLua|Win32
		{6EDEDB49-5A48-4365-B25A-9CF7B2D78583}.GoldMasterNoLua|Mixed Platforms.ActiveCfg = GoldMasterNoLua|Win32
		{6EDEDB49-5A48-4365-B25A-9CF7B2D78583}.GoldMasterNoLua|Mixed Platforms.Build.0 = GoldMasterNoLua|Win32
		{6EDEDB49-5A48-4365-B25A-9CF7B2D78583}.GoldMasterNoLua|Win32.ActiveCfg = GoldMasterNoLua|Win32
		{6EDEDB49-5A48-4365-B25A-9CF7B2D78583}.GoldMasterNoLua|Win32.Build.0 = GoldMasterNoLua|Win32
		{6EDEDB49-5A48-4365-B25A-9CF7B2D78583}.LuaExt|Any CPU.ActiveCfg = GoldMasterNoLua|Win32
		{6EDEDB49-5A48-4365-B25A-9CF7B2D78583}.LuaExt|Mixed Platforms.ActiveCfg = GoldMasterNoLua|Win32
		{6EDEDB49-5A48-4365-B25A-9CF7B2D78583}.LuaExt|Mixed Platforms.Build.0 = GoldMasterNoLua|Win32
		{6EDEDB49-5A48-4365-B25A-9CF7B2D78583}.LuaExt|Win32.ActiveCfg = GoldMasterNoLua|Win32
		{6EDEDB49-5A48-4365-B25A-9CF7B2D78583}.LuaExt|Win32.Build.0 = GoldMasterNoLua|Win32
		{6EDEDB49-5A48-4365-B25A-9CF7B2D78583}.Release|Any CPU.ActiveCfg = Release|Win32
		{6EDEDB49-5A48-4365-B25A-9CF7B2D78583}.Release|Mixed Platforms.ActiveCfg = Release|Win32
		{6EDEDB49-5A48-4365-B25A-9CF7B2D78583}.Release|Mixed Platforms.Build.0 = Release|Win32
		{6EDEDB49-5A48-4365-B25A-9CF7B2D78583}.Release|Win32.ActiveCfg = Release|Win32
		{6EDEDB49-5A48-4365-B25A-9CF7B2D78583}.Release|Win32.Build.0 = Release|Win32
		{6EDEDB49-5A48-4365-B25A-9CF7B2D78583}.ReleaseNoLua|Any CPU.ActiveCfg = ReleaseNoLua|Win32
		{6EDEDB49-5A48-4365-B25A-9CF7B2D78583}.ReleaseNoLua|Mixed Platforms.ActiveCfg = ReleaseNoLua|Win32
		{6EDEDB49-5A48-4365-B25A-9CF7B2D78583}.ReleaseNoLua|Mixed Platforms.Build.0 = ReleaseNoLua|Win32
		{6EDEDB49-5A48-4365-B25A-9CF7B2D78583}.ReleaseNoLua|Win32.ActiveCfg = ReleaseNoLua|Win32
		{6EDEDB49-5A48-4365-B25A-9CF7B2D78583}.ReleaseNoLua|Win32.Build.0 = ReleaseNoLua|Win32
	EndGlobalSection
	GlobalSection(SolutionProperties) = preSolution
		HideSolutionNode = FALSE
	EndGlobalSection
EndGlobal
